
Microsoft Visual Studio Solution File, Format Version 12.00
# Visual Studio Version 16
VisualStudioVersion = 16.0.29609.76
MinimumVisualStudioVersion = 10.0.40219.1
Project("{FAE04EC0-301F-11D3-BF4B-00C04F79EFBC}") = "QLTK.Api", "QLTK.Api\QLTK.Api.csproj", "{7324CCF5-1212-4F28-A59F-07E85D463A62}"
EndProject
Project("{FAE04EC0-301F-11D3-BF4B-00C04F79EFBC}") = "NTS.Common", "NTS.Common\NTS.Common.csproj", "{E0662561-9E58-4BD7-A629-808D2671AD29}"
EndProject
Project("{FAE04EC0-301F-11D3-BF4B-00C04F79EFBC}") = "QLTK.Business", "QLTK.Business\QLTK.Business.csproj", "{EA8B165F-E3E0-43F7-86C0-22528B9F8827}"
EndProject
Project("{FAE04EC0-301F-11D3-BF4B-00C04F79EFBC}") = "NTSFile.Api", "NTSFile.Api\NTSFile.Api.csproj", "{A1CBFD5C-EECC-4B90-ADCD-FD6DF2338903}"
EndProject
Project("{FAE04EC0-301F-11D3-BF4B-00C04F79EFBC}") = "NTS.Caching", "NTS.Caching\NTS.Caching.csproj", "{37FAD277-B376-4BAA-8F65-0A34FC961CBF}"
EndProject
Project("{FAE04EC0-301F-11D3-BF4B-00C04F79EFBC}") = "NTS.Utils", "NTS.Utils\NTS.Utils.csproj", "{6B563FF1-98B1-4BE0-85BE-6B3E344BE946}"
EndProject
Project("{FAE04EC0-301F-11D3-BF4B-00C04F79EFBC}") = "NTS.Model", "NTS.Model\NTS.Model.csproj", "{76B3E731-5736-4D6F-996B-989CF02F38A4}"
EndProject
Global
	GlobalSection(SolutionConfigurationPlatforms) = preSolution
		Debug|Any CPU = Debug|Any CPU
		Debug|x64 = Debug|x64
		Debug|x86 = Debug|x86
		Release|Any CPU = Release|Any CPU
		Release|x64 = Release|x64
		Release|x86 = Release|x86
	EndGlobalSection
	GlobalSection(ProjectConfigurationPlatforms) = postSolution
		{7324CCF5-1212-4F28-A59F-07E85D463A62}.Debug|Any CPU.ActiveCfg = Debug|Any CPU
		{7324CCF5-1212-4F28-A59F-07E85D463A62}.Debug|Any CPU.Build.0 = Debug|Any CPU
		{7324CCF5-1212-4F28-A59F-07E85D463A62}.Debug|x64.ActiveCfg = Debug|Any CPU
		{7324CCF5-1212-4F28-A59F-07E85D463A62}.Debug|x64.Build.0 = Debug|Any CPU
		{7324CCF5-1212-4F28-A59F-07E85D463A62}.Debug|x86.ActiveCfg = Debug|Any CPU
		{7324CCF5-1212-4F28-A59F-07E85D463A62}.Debug|x86.Build.0 = Debug|Any CPU
		{7324CCF5-1212-4F28-A59F-07E85D463A62}.Release|Any CPU.ActiveCfg = Debug|Any CPU
		{7324CCF5-1212-4F28-A59F-07E85D463A62}.Release|Any CPU.Build.0 = Debug|Any CPU
		{7324CCF5-1212-4F28-A59F-07E85D463A62}.Release|x64.ActiveCfg = Release|Any CPU
		{7324CCF5-1212-4F28-A59F-07E85D463A62}.Release|x64.Build.0 = Release|Any CPU
		{7324CCF5-1212-4F28-A59F-07E85D463A62}.Release|x86.ActiveCfg = Release|Any CPU
		{7324CCF5-1212-4F28-A59F-07E85D463A62}.Release|x86.Build.0 = Release|Any CPU
		{E0662561-9E58-4BD7-A629-808D2671AD29}.Debug|Any CPU.ActiveCfg = Debug|Any CPU
		{E0662561-9E58-4BD7-A629-808D2671AD29}.Debug|Any CPU.Build.0 = Debug|Any CPU
		{E0662561-9E58-4BD7-A629-808D2671AD29}.Debug|x64.ActiveCfg = Debug|Any CPU
		{E0662561-9E58-4BD7-A629-808D2671AD29}.Debug|x64.Build.0 = Debug|Any CPU
		{E0662561-9E58-4BD7-A629-808D2671AD29}.Debug|x86.ActiveCfg = Debug|Any CPU
		{E0662561-9E58-4BD7-A629-808D2671AD29}.Debug|x86.Build.0 = Debug|Any CPU
		{E0662561-9E58-4BD7-A629-808D2671AD29}.Release|Any CPU.ActiveCfg = Debug|Any CPU
		{E0662561-9E58-4BD7-A629-808D2671AD29}.Release|Any CPU.Build.0 = Debug|Any CPU
		{E0662561-9E58-4BD7-A629-808D2671AD29}.Release|x64.ActiveCfg = Release|Any CPU
		{E0662561-9E58-4BD7-A629-808D2671AD29}.Release|x64.Build.0 = Release|Any CPU
		{E0662561-9E58-4BD7-A629-808D2671AD29}.Release|x86.ActiveCfg = Release|Any CPU
		{E0662561-9E58-4BD7-A629-808D2671AD29}.Release|x86.Build.0 = Release|Any CPU
		{EA8B165F-E3E0-43F7-86C0-22528B9F8827}.Debug|Any CPU.ActiveCfg = Debug|Any CPU
		{EA8B165F-E3E0-43F7-86C0-22528B9F8827}.Debug|Any CPU.Build.0 = Debug|Any CPU
		{EA8B165F-E3E0-43F7-86C0-22528B9F8827}.Debug|x64.ActiveCfg = Debug|Any CPU
		{EA8B165F-E3E0-43F7-86C0-22528B9F8827}.Debug|x64.Build.0 = Debug|Any CPU
		{EA8B165F-E3E0-43F7-86C0-22528B9F8827}.Debug|x86.ActiveCfg = Debug|Any CPU
		{EA8B165F-E3E0-43F7-86C0-22528B9F8827}.Debug|x86.Build.0 = Debug|Any CPU
		{EA8B165F-E3E0-43F7-86C0-22528B9F8827}.Release|Any CPU.ActiveCfg = Debug|Any CPU
		{EA8B165F-E3E0-43F7-86C0-22528B9F8827}.Release|Any CPU.Build.0 = Debug|Any CPU
		{EA8B165F-E3E0-43F7-86C0-22528B9F8827}.Release|x64.ActiveCfg = Release|Any CPU
		{EA8B165F-E3E0-43F7-86C0-22528B9F8827}.Release|x64.Build.0 = Release|Any CPU
		{EA8B165F-E3E0-43F7-86C0-22528B9F8827}.Release|x86.ActiveCfg = Release|Any CPU
		{EA8B165F-E3E0-43F7-86C0-22528B9F8827}.Release|x86.Build.0 = Release|Any CPU
		{A1CBFD5C-EECC-4B90-ADCD-FD6DF2338903}.Debug|Any CPU.ActiveCfg = Debug|Any CPU
		{A1CBFD5C-EECC-4B90-ADCD-FD6DF2338903}.Debug|Any CPU.Build.0 = Debug|Any CPU
		{A1CBFD5C-EECC-4B90-ADCD-FD6DF2338903}.Debug|x64.ActiveCfg = Debug|Any CPU
		{A1CBFD5C-EECC-4B90-ADCD-FD6DF2338903}.Debug|x64.Build.0 = Debug|Any CPU
		{A1CBFD5C-EECC-4B90-ADCD-FD6DF2338903}.Debug|x86.ActiveCfg = Debug|Any CPU
		{A1CBFD5C-EECC-4B90-ADCD-FD6DF2338903}.Debug|x86.Build.0 = Debug|Any CPU
		{A1CBFD5C-EECC-4B90-ADCD-FD6DF2338903}.Release|Any CPU.ActiveCfg = Debug|Any CPU
		{A1CBFD5C-EECC-4B90-ADCD-FD6DF2338903}.Release|Any CPU.Build.0 = Debug|Any CPU
		{A1CBFD5C-EECC-4B90-ADCD-FD6DF2338903}.Release|x64.ActiveCfg = Release|Any CPU
		{A1CBFD5C-EECC-4B90-ADCD-FD6DF2338903}.Release|x64.Build.0 = Release|Any CPU
		{A1CBFD5C-EECC-4B90-ADCD-FD6DF2338903}.Release|x86.ActiveCfg = Release|Any CPU
		{A1CBFD5C-EECC-4B90-ADCD-FD6DF2338903}.Release|x86.Build.0 = Release|Any CPU
		{37FAD277-B376-4BAA-8F65-0A34FC961CBF}.Debug|Any CPU.ActiveCfg = Debug|Any CPU
		{37FAD277-B376-4BAA-8F65-0A34FC961CBF}.Debug|Any CPU.Build.0 = Debug|Any CPU
		{37FAD277-B376-4BAA-8F65-0A34FC961CBF}.Debug|x64.ActiveCfg = Debug|Any CPU
		{37FAD277-B376-4BAA-8F65-0A34FC961CBF}.Debug|x64.Build.0 = Debug|Any CPU
		{37FAD277-B376-4BAA-8F65-0A34FC961CBF}.Debug|x86.ActiveCfg = Debug|Any CPU
		{37FAD277-B376-4BAA-8F65-0A34FC961CBF}.Debug|x86.Build.0 = Debug|Any CPU
		{37FAD277-B376-4BAA-8F65-0A34FC961CBF}.Release|Any CPU.ActiveCfg = Debug|Any CPU
		{37FAD277-B376-4BAA-8F65-0A34FC961CBF}.Release|Any CPU.Build.0 = Debug|Any CPU
		{37FAD277-B376-4BAA-8F65-0A34FC961CBF}.Release|x64.ActiveCfg = Release|Any CPU
		{37FAD277-B376-4BAA-8F65-0A34FC961CBF}.Release|x64.Build.0 = Release|Any CPU
		{37FAD277-B376-4BAA-8F65-0A34FC961CBF}.Release|x86.ActiveCfg = Release|Any CPU
		{37FAD277-B376-4BAA-8F65-0A34FC961CBF}.Release|x86.Build.0 = Release|Any CPU
		{6B563FF1-98B1-4BE0-85BE-6B3E344BE946}.Debug|Any CPU.ActiveCfg = Debug|Any CPU
		{6B563FF1-98B1-4BE0-85BE-6B3E344BE946}.Debug|Any CPU.Build.0 = Debug|Any CPU
		{6B563FF1-98B1-4BE0-85BE-6B3E344BE946}.Debug|x64.ActiveCfg = Debug|Any CPU
		{6B563FF1-98B1-4BE0-85BE-6B3E344BE946}.Debug|x64.Build.0 = Debug|Any CPU
		{6B563FF1-98B1-4BE0-85BE-6B3E344BE946}.Debug|x86.ActiveCfg = Debug|Any CPU
		{6B563FF1-98B1-4BE0-85BE-6B3E344BE946}.Debug|x86.Build.0 = Debug|Any CPU
		{6B563FF1-98B1-4BE0-85BE-6B3E344BE946}.Release|Any CPU.ActiveCfg = Debug|Any CPU
		{6B563FF1-98B1-4BE0-85BE-6B3E344BE946}.Release|Any CPU.Build.0 = Debug|Any CPU
		{6B563FF1-98B1-4BE0-85BE-6B3E344BE946}.Release|x64.ActiveCfg = Release|Any CPU
		{6B563FF1-98B1-4BE0-85BE-6B3E344BE946}.Release|x64.Build.0 = Release|Any CPU
		{6B563FF1-98B1-4BE0-85BE-6B3E344BE946}.Release|x86.ActiveCfg = Release|Any CPU
		{6B563FF1-98B1-4BE0-85BE-6B3E344BE946}.Release|x86.Build.0 = Release|Any CPU
		{76B3E731-5736-4D6F-996B-989CF02F38A4}.Debug|Any CPU.ActiveCfg = Debug|Any CPU
		{76B3E731-5736-4D6F-996B-989CF02F38A4}.Debug|Any CPU.Build.0 = Debug|Any CPU
		{76B3E731-5736-4D6F-996B-989CF02F38A4}.Debug|x64.ActiveCfg = Debug|Any CPU
		{76B3E731-5736-4D6F-996B-989CF02F38A4}.Debug|x64.Build.0 = Debug|Any CPU
		{76B3E731-5736-4D6F-996B-989CF02F38A4}.Debug|x86.ActiveCfg = Debug|Any CPU
		{76B3E731-5736-4D6F-996B-989CF02F38A4}.Debug|x86.Build.0 = Debug|Any CPU
		{76B3E731-5736-4D6F-996B-989CF02F38A4}.Release|Any CPU.ActiveCfg = Debug|Any CPU
		{76B3E731-5736-4D6F-996B-989CF02F38A4}.Release|Any CPU.Build.0 = Debug|Any CPU
		{76B3E731-5736-4D6F-996B-989CF02F38A4}.Release|x64.ActiveCfg = Release|Any CPU
		{76B3E731-5736-4D6F-996B-989CF02F38A4}.Release|x64.Build.0 = Release|Any CPU
		{76B3E731-5736-4D6F-996B-989CF02F38A4}.Release|x86.ActiveCfg = Release|Any CPU
		{76B3E731-5736-4D6F-996B-989CF02F38A4}.Release|x86.Build.0 = Release|Any CPU
	EndGlobalSection
	GlobalSection(SolutionProperties) = preSolution
		HideSolutionNode = FALSE
	EndGlobalSection
	GlobalSection(ExtensibilityGlobals) = postSolution
		SolutionGuid = {A0917E1D-8E1B-45C9-A383-8628B0BAF4B2}
	EndGlobalSection
EndGlobal
